
Microsoft Visual Studio Solution File, Format Version 12.00
# Visual Studio Version 17
VisualStudioVersion = 17.3.32825.248
MinimumVisualStudioVersion = 10.0.40219.1
Project("{FAE04EC0-301F-11D3-BF4B-00C04F79EFBC}") = "CRUD Cars EFCore", "CRUD Cars EFCore\CRUD Cars EFCore.csproj", "{A6112D92-6678-4E87-B6FD-F9191BE9F1F5}"
EndProject
Global
	GlobalSection(SolutionConfigurationPlatforms) = preSolution
		Debug|Any CPU = Debug|Any CPU
		Release|Any CPU = Release|Any CPU
	EndGlobalSection
	GlobalSection(ProjectConfigurationPlatforms) = postSolution
		{A6112D92-6678-4E87-B6FD-F9191BE9F1F5}.Debug|Any CPU.ActiveCfg = Debug|Any CPU
		{A6112D92-6678-4E87-B6FD-F9191BE9F1F5}.Debug|Any CPU.Build.0 = Debug|Any CPU
		{A6112D92-6678-4E87-B6FD-F9191BE9F1F5}.Release|Any CPU.ActiveCfg = Release|Any CPU
		{A6112D92-6678-4E87-B6FD-F9191BE9F1F5}.Release|Any CPU.Build.0 = Release|Any CPU
	EndGlobalSection
	GlobalSection(SolutionProperties) = preSolution
		HideSolutionNode = FALSE
	EndGlobalSection
	GlobalSection(ExtensibilityGlobals) = postSolution
		SolutionGuid = {16D0E608-0B5D-4C1C-87DD-A107E197E3C7}
	EndGlobalSection
EndGlobal
